
Microsoft Visual Studio Solution File, Format Version 12.00
# Visual Studio Version 16
VisualStudioVersion = 16.0.29025.244
MinimumVisualStudioVersion = 10.0.40219.1
Project("{FAE04EC0-301F-11D3-BF4B-00C04F79EFBC}") = "WindowsFormsApp3", "WindowsFormsApp3\WindowsFormsApp3.csproj", "{326ECFF1-BC37-4585-A1F6-F74033BB4D22}"
EndProject
Global
	GlobalSection(SolutionConfigurationPlatforms) = preSolution
		Debug|Any CPU = Debug|Any CPU
		Release|Any CPU = Release|Any CPU
	EndGlobalSection
	GlobalSection(ProjectConfigurationPlatforms) = postSolution
		{326ECFF1-BC37-4585-A1F6-F74033BB4D22}.Debug|Any CPU.ActiveCfg = Debug|Any CPU
		{326ECFF1-BC37-4585-A1F6-F74033BB4D22}.Debug|Any CPU.Build.0 = Debug|Any CPU
		{326ECFF1-BC37-4585-A1F6-F74033BB4D22}.Release|Any CPU.ActiveCfg = Release|Any CPU
		{326ECFF1-BC37-4585-A1F6-F74033BB4D22}.Release|Any CPU.Build.0 = Release|Any CPU
	EndGlobalSection
	GlobalSection(SolutionProperties) = preSolution
		HideSolutionNode = FALSE
	EndGlobalSection
	GlobalSection(ExtensibilityGlobals) = postSolution
		SolutionGuid = {C5D11456-E761-4B1E-A465-69E399C4C7EA}
	EndGlobalSection
EndGlobal
